{
  "version": 4,
  "terraform_version": "1.2.6",
  "serial": 337,
  "lineage": "a4e8324b-7227-fb24-c7f8-e88183ced57e",
  "outputs": {},
  "resources": [
    {
      "mode": "data",
      "type": "azurerm_public_ip",
      "name": "data-publicip",
      "provider": "provider[\"registry.terraform.io/hashicorp/azurerm\"]",
      "instances": [
        {
          "schema_version": 0,
          "attributes": {
            "allocation_method": "Static",
            "domain_name_label": "",
            "fqdn": "",
            "id": "/subscriptions/3231ca8c-f392-4473-b23d-ef052e9eed0f/resourceGroups/as04infra/providers/Microsoft.Network/publicIPAddresses/publicip",
            "idle_timeout_in_minutes": 4,
            "ip_address": "20.232.112.40",
            "ip_tags": {},
            "ip_version": "IPv4",
            "location": "eastus",
            "name": "publicip",
            "resource_group_name": "as04infra",
            "reverse_fqdn": "",
            "sku": "Basic",
            "tags": {
              "disciplina": "infra cloud",
              "professor": "João",
              "turma": "as04"
            },
            "timeouts": null,
            "zones": []
          },
          "sensitive_attributes": []
        }
      ]
    },
    {
      "mode": "data",
      "type": "azurerm_public_ip",
      "name": "data-publicip-ansible",
      "provider": "provider[\"registry.terraform.io/hashicorp/azurerm\"]",
      "instances": [
        {
          "schema_version": 0,
          "attributes": {
            "allocation_method": "Static",
            "domain_name_label": "",
            "fqdn": "",
            "id": "/subscriptions/3231ca8c-f392-4473-b23d-ef052e9eed0f/resourceGroups/as04infra/providers/Microsoft.Network/publicIPAddresses/publicip-ansible",
            "idle_timeout_in_minutes": 4,
            "ip_address": "20.232.118.178",
            "ip_tags": {},
            "ip_version": "IPv4",
            "location": "eastus",
            "name": "publicip-ansible",
            "resource_group_name": "as04infra",
            "reverse_fqdn": "",
            "sku": "Basic",
            "tags": {
              "disciplina": "infra cloud",
              "professor": "João",
              "turma": "as04"
            },
            "timeouts": null,
            "zones": []
          },
          "sensitive_attributes": []
        }
      ]
    },
    {
      "mode": "managed",
      "type": "azurerm_linux_virtual_machine",
      "name": "vm",
      "provider": "provider[\"registry.terraform.io/hashicorp/azurerm\"]",
      "instances": [
        {
          "schema_version": 0,
          "attributes": {
            "additional_capabilities": [],
            "admin_password": null,
            "admin_ssh_key": [
              {
                "public_key": "ssh-rsa AAAAB3NzaC1yc2EAAAADAQABAAACAQC+oL23Zs2TFV3zaQlclD0/M1Gmem0NHlJRO5RpqT9FX3hLeHvhVeyu6GmgSBTSUJzSSPjNoiFPrLZBAhlv8R0JXFGT/0H1aSRrgJfGAY1j2Z9YxAsEIFuYlDAGwuoXLl3tW+VpM+cn4LZW1bHNQPVJUpvReAEeoxwqkLsowOINIi2Naw/wXh7K+dKalTfXc/2pfZQdKQZE25ujvmWpZLauB0YPQ45LwedzNN269fTiTqB7rd49U7njGZ6rnqk1aT6qpvblPpUbGWe5Q14In/sR2KWyjwEcji3n0BYWr8jl813USl2nV3JZ5cRHfC+yfMW/bhcuchdZKOIiBMgHXInP79rMMl5GR45xOgTWi4943m4F6V/nRPKwnzzrZO8Lx4AGlaOKrhOxIxLB/WjqzTY5eyBG5aRWCePAA0cSsXuW3UMHoY1ZUcbB2aQESG63JRvExYWdFnGQs+a3ceMKw12TqIL5PH+6SQ3B/5TK5TKXVHuu1FI/70f3WiljFibcmPC2F6NNKB6539s9Ib/3GS/vhNW3GLj2kMItwPshWXx5vTh0qwiwC06enKfazokmH+fgFsYPSa9lxivVpLG9L8FKqopYIB2E6VJqCvb72cDtTk3cGBiVf2GMUoYTy0vBvoRKaQ2bryaigRIILNj0Z01qdW0+ameCxDJh3OMTTE6xcw==\n",
                "username": "adminuser"
              }
            ],
            "admin_username": "adminuser",
            "allow_extension_operations": true,
            "availability_set_id": "",
            "boot_diagnostics": [],
            "capacity_reservation_group_id": "",
            "computer_name": "vm",
            "custom_data": null,
            "dedicated_host_group_id": "",
            "dedicated_host_id": "",
            "disable_password_authentication": true,
            "edge_zone": "",
            "encryption_at_host_enabled": false,
            "eviction_policy": "",
            "extensions_time_budget": "PT1H30M",
            "id": "/subscriptions/3231ca8c-f392-4473-b23d-ef052e9eed0f/resourceGroups/as04infra/providers/Microsoft.Compute/virtualMachines/vm",
            "identity": [],
            "license_type": "",
            "location": "eastus",
            "max_bid_price": -1,
            "name": "vm",
            "network_interface_ids": [
              "/subscriptions/3231ca8c-f392-4473-b23d-ef052e9eed0f/resourceGroups/as04infra/providers/Microsoft.Network/networkInterfaces/as04-nic"
            ],
            "os_disk": [
              {
                "caching": "ReadWrite",
                "diff_disk_settings": [],
                "disk_encryption_set_id": "",
                "disk_size_gb": 30,
                "name": "vm_OsDisk_1_3e336e5027ce431fa9d4379083f5c753",
                "secure_vm_disk_encryption_set_id": "",
                "security_encryption_type": "",
                "storage_account_type": "Standard_LRS",
                "write_accelerator_enabled": false
              }
            ],
            "patch_mode": "ImageDefault",
            "plan": [],
            "platform_fault_domain": -1,
            "priority": "Regular",
            "private_ip_address": "10.0.1.4",
            "private_ip_addresses": [
              "10.0.1.4"
            ],
            "provision_vm_agent": true,
            "proximity_placement_group_id": "",
            "public_ip_address": "20.232.112.40",
            "public_ip_addresses": [
              "20.232.112.40"
            ],
            "resource_group_name": "as04infra",
            "secret": [],
            "secure_boot_enabled": false,
            "size": "Standard_F2",
            "source_image_id": "",
            "source_image_reference": [
              {
                "offer": "UbuntuServer",
                "publisher": "Canonical",
                "sku": "16.04-LTS",
                "version": "latest"
              }
            ],
            "tags": {},
            "termination_notification": [],
            "timeouts": null,
            "user_data": "",
            "virtual_machine_id": "29ba1334-a752-4fd2-856d-bc7d61ea4025",
            "virtual_machine_scale_set_id": "",
            "vtpm_enabled": false,
            "zone": ""
          },
          "sensitive_attributes": [],
          "private": "eyJlMmJmYjczMC1lY2FhLTExZTYtOGY4OC0zNDM2M2JjN2M0YzAiOnsiY3JlYXRlIjoyNzAwMDAwMDAwMDAwLCJkZWxldGUiOjI3MDAwMDAwMDAwMDAsInJlYWQiOjMwMDAwMDAwMDAwMCwidXBkYXRlIjoyNzAwMDAwMDAwMDAwfX0=",
          "dependencies": [
            "azurerm_network_interface.as04-nic",
            "azurerm_public_ip.publicip",
            "azurerm_resource_group.as04infra",
            "azurerm_subnet.subnet",
            "azurerm_virtual_network.vnet",
            "local_file.private_key",
            "tls_private_key.private-key"
          ]
        }
      ]
    },
    {
      "mode": "managed",
      "type": "azurerm_network_interface",
      "name": "as04-nic",
      "provider": "provider[\"registry.terraform.io/hashicorp/azurerm\"]",
      "instances": [
        {
          "schema_version": 0,
          "attributes": {
            "applied_dns_servers": [],
            "dns_servers": [],
            "edge_zone": "",
            "enable_accelerated_networking": false,
            "enable_ip_forwarding": false,
            "id": "/subscriptions/3231ca8c-f392-4473-b23d-ef052e9eed0f/resourceGroups/as04infra/providers/Microsoft.Network/networkInterfaces/as04-nic",
            "internal_dns_name_label": "",
            "internal_domain_name_suffix": "q5b5pjvvp1pexeyvdp0x123x2c.bx.internal.cloudapp.net",
            "ip_configuration": [
              {
                "gateway_load_balancer_frontend_ip_configuration_id": "",
                "name": "internal",
                "primary": true,
                "private_ip_address": "10.0.1.4",
                "private_ip_address_allocation": "Dynamic",
                "private_ip_address_version": "IPv4",
                "public_ip_address_id": "/subscriptions/3231ca8c-f392-4473-b23d-ef052e9eed0f/resourceGroups/as04infra/providers/Microsoft.Network/publicIPAddresses/publicip",
                "subnet_id": "/subscriptions/3231ca8c-f392-4473-b23d-ef052e9eed0f/resourceGroups/as04infra/providers/Microsoft.Network/virtualNetworks/vnet/subnets/subnet"
              }
            ],
            "location": "eastus",
            "mac_address": "00-0D-3A-57-12-5D",
            "name": "as04-nic",
            "private_ip_address": "10.0.1.4",
            "private_ip_addresses": [
              "10.0.1.4"
            ],
            "resource_group_name": "as04infra",
            "tags": {},
            "timeouts": null,
            "virtual_machine_id": "/subscriptions/3231ca8c-f392-4473-b23d-ef052e9eed0f/resourceGroups/as04infra/providers/Microsoft.Compute/virtualMachines/vm"
          },
          "sensitive_attributes": [],
          "private": "eyJlMmJmYjczMC1lY2FhLTExZTYtOGY4OC0zNDM2M2JjN2M0YzAiOnsiY3JlYXRlIjoxODAwMDAwMDAwMDAwLCJkZWxldGUiOjE4MDAwMDAwMDAwMDAsInJlYWQiOjMwMDAwMDAwMDAwMCwidXBkYXRlIjoxODAwMDAwMDAwMDAwfX0=",
          "dependencies": [
            "azurerm_public_ip.publicip",
            "azurerm_resource_group.as04infra",
            "azurerm_subnet.subnet",
            "azurerm_virtual_network.vnet"
          ]
        }
      ]
    },
    {
      "mode": "managed",
      "type": "azurerm_network_interface_security_group_association",
      "name": "ng-nic-assoc",
      "provider": "provider[\"registry.terraform.io/hashicorp/azurerm\"]",
      "instances": [
        {
          "schema_version": 0,
          "attributes": {
            "id": "/subscriptions/3231ca8c-f392-4473-b23d-ef052e9eed0f/resourceGroups/as04infra/providers/Microsoft.Network/networkInterfaces/as04-nic|/subscriptions/3231ca8c-f392-4473-b23d-ef052e9eed0f/resourceGroups/as04infra/providers/Microsoft.Network/networkSecurityGroups/infra-ng",
            "network_interface_id": "/subscriptions/3231ca8c-f392-4473-b23d-ef052e9eed0f/resourceGroups/as04infra/providers/Microsoft.Network/networkInterfaces/as04-nic",
            "network_security_group_id": "/subscriptions/3231ca8c-f392-4473-b23d-ef052e9eed0f/resourceGroups/as04infra/providers/Microsoft.Network/networkSecurityGroups/infra-ng",
            "timeouts": null
          },
          "sensitive_attributes": [],
          "private": "eyJlMmJmYjczMC1lY2FhLTExZTYtOGY4OC0zNDM2M2JjN2M0YzAiOnsiY3JlYXRlIjoxODAwMDAwMDAwMDAwLCJkZWxldGUiOjE4MDAwMDAwMDAwMDAsInJlYWQiOjMwMDAwMDAwMDAwMCwidXBkYXRlIjoxODAwMDAwMDAwMDAwfX0=",
          "dependencies": [
            "azurerm_network_interface.as04-nic",
            "azurerm_network_security_group.infra-ng",
            "azurerm_public_ip.publicip",
            "azurerm_resource_group.as04infra",
            "azurerm_subnet.subnet",
            "azurerm_virtual_network.vnet"
          ]
        }
      ]
    },
    {
      "mode": "managed",
      "type": "azurerm_network_security_group",
      "name": "infra-ng",
      "provider": "provider[\"registry.terraform.io/hashicorp/azurerm\"]",
      "instances": [
        {
          "schema_version": 0,
          "attributes": {
            "id": "/subscriptions/3231ca8c-f392-4473-b23d-ef052e9eed0f/resourceGroups/as04infra/providers/Microsoft.Network/networkSecurityGroups/infra-ng",
            "location": "eastus",
            "name": "infra-ng",
            "resource_group_name": "as04infra",
            "security_rule": [
              {
                "access": "Allow",
                "description": "",
                "destination_address_prefix": "*",
                "destination_address_prefixes": [],
                "destination_application_security_group_ids": [],
                "destination_port_range": "22",
                "destination_port_ranges": [],
                "direction": "Inbound",
                "name": "SSH",
                "priority": 100,
                "protocol": "Tcp",
                "source_address_prefix": "*",
                "source_address_prefixes": [],
                "source_application_security_group_ids": [],
                "source_port_range": "*",
                "source_port_ranges": []
              },
              {
                "access": "Allow",
                "description": "",
                "destination_address_prefix": "*",
                "destination_address_prefixes": [],
                "destination_application_security_group_ids": [],
                "destination_port_range": "80",
                "destination_port_ranges": [],
                "direction": "Inbound",
                "name": "Web",
                "priority": 101,
                "protocol": "Tcp",
                "source_address_prefix": "*",
                "source_address_prefixes": [],
                "source_application_security_group_ids": [],
                "source_port_range": "*",
                "source_port_ranges": []
              }
            ],
            "tags": {},
            "timeouts": null
          },
          "sensitive_attributes": [],
          "private": "eyJlMmJmYjczMC1lY2FhLTExZTYtOGY4OC0zNDM2M2JjN2M0YzAiOnsiY3JlYXRlIjoxODAwMDAwMDAwMDAwLCJkZWxldGUiOjE4MDAwMDAwMDAwMDAsInJlYWQiOjMwMDAwMDAwMDAwMCwidXBkYXRlIjoxODAwMDAwMDAwMDAwfX0=",
          "dependencies": [
            "azurerm_resource_group.as04infra"
          ]
        }
      ]
    },
    {
      "mode": "managed",
      "type": "azurerm_public_ip",
      "name": "publicip",
      "provider": "provider[\"registry.terraform.io/hashicorp/azurerm\"]",
      "instances": [
        {
          "schema_version": 0,
          "attributes": {
            "allocation_method": "Static",
            "domain_name_label": null,
            "edge_zone": "",
            "fqdn": null,
            "id": "/subscriptions/3231ca8c-f392-4473-b23d-ef052e9eed0f/resourceGroups/as04infra/providers/Microsoft.Network/publicIPAddresses/publicip",
            "idle_timeout_in_minutes": 4,
            "ip_address": "20.232.112.40",
            "ip_tags": {},
            "ip_version": "IPv4",
            "location": "eastus",
            "name": "publicip",
            "public_ip_prefix_id": null,
            "resource_group_name": "as04infra",
            "reverse_fqdn": null,
            "sku": "Basic",
            "sku_tier": "Regional",
            "tags": {
              "disciplina": "infra cloud",
              "professor": "João",
              "turma": "as04"
            },
            "timeouts": null,
            "zones": []
          },
          "sensitive_attributes": [],
          "private": "eyJlMmJmYjczMC1lY2FhLTExZTYtOGY4OC0zNDM2M2JjN2M0YzAiOnsiY3JlYXRlIjoxODAwMDAwMDAwMDAwLCJkZWxldGUiOjE4MDAwMDAwMDAwMDAsInJlYWQiOjMwMDAwMDAwMDAwMCwidXBkYXRlIjoxODAwMDAwMDAwMDAwfX0=",
          "dependencies": [
            "azurerm_resource_group.as04infra"
          ]
        }
      ]
    },
    {
      "mode": "managed",
      "type": "azurerm_public_ip",
      "name": "publicip-ansible",
      "provider": "provider[\"registry.terraform.io/hashicorp/azurerm\"]",
      "instances": [
        {
          "schema_version": 0,
          "attributes": {
            "allocation_method": "Static",
            "domain_name_label": null,
            "edge_zone": "",
            "fqdn": null,
            "id": "/subscriptions/3231ca8c-f392-4473-b23d-ef052e9eed0f/resourceGroups/as04infra/providers/Microsoft.Network/publicIPAddresses/publicip-ansible",
            "idle_timeout_in_minutes": 4,
            "ip_address": "20.232.118.178",
            "ip_tags": {},
            "ip_version": "IPv4",
            "location": "eastus",
            "name": "publicip-ansible",
            "public_ip_prefix_id": null,
            "resource_group_name": "as04infra",
            "reverse_fqdn": null,
            "sku": "Basic",
            "sku_tier": "Regional",
            "tags": {
              "disciplina": "infra cloud",
              "professor": "João",
              "turma": "as04"
            },
            "timeouts": null,
            "zones": []
          },
          "sensitive_attributes": [],
          "private": "eyJlMmJmYjczMC1lY2FhLTExZTYtOGY4OC0zNDM2M2JjN2M0YzAiOnsiY3JlYXRlIjoxODAwMDAwMDAwMDAwLCJkZWxldGUiOjE4MDAwMDAwMDAwMDAsInJlYWQiOjMwMDAwMDAwMDAwMCwidXBkYXRlIjoxODAwMDAwMDAwMDAwfX0=",
          "dependencies": [
            "azurerm_resource_group.as04infra"
          ]
        }
      ]
    },
    {
      "mode": "managed",
      "type": "azurerm_resource_group",
      "name": "as04infra",
      "provider": "provider[\"registry.terraform.io/hashicorp/azurerm\"]",
      "instances": [
        {
          "schema_version": 0,
          "attributes": {
            "id": "/subscriptions/3231ca8c-f392-4473-b23d-ef052e9eed0f/resourceGroups/as04infra",
            "location": "eastus",
            "name": "as04infra",
            "tags": {},
            "timeouts": null
          },
          "sensitive_attributes": [],
          "private": "eyJlMmJmYjczMC1lY2FhLTExZTYtOGY4OC0zNDM2M2JjN2M0YzAiOnsiY3JlYXRlIjo1NDAwMDAwMDAwMDAwLCJkZWxldGUiOjU0MDAwMDAwMDAwMDAsInJlYWQiOjMwMDAwMDAwMDAwMCwidXBkYXRlIjo1NDAwMDAwMDAwMDAwfX0="
        }
      ]
    },
    {
      "mode": "managed",
      "type": "azurerm_subnet",
      "name": "subnet",
      "provider": "provider[\"registry.terraform.io/hashicorp/azurerm\"]",
      "instances": [
        {
          "schema_version": 0,
          "attributes": {
            "address_prefixes": [
              "10.0.1.0/24"
            ],
            "delegation": [],
            "enforce_private_link_endpoint_network_policies": false,
            "enforce_private_link_service_network_policies": false,
            "id": "/subscriptions/3231ca8c-f392-4473-b23d-ef052e9eed0f/resourceGroups/as04infra/providers/Microsoft.Network/virtualNetworks/vnet/subnets/subnet",
            "name": "subnet",
            "resource_group_name": "as04infra",
            "service_endpoint_policy_ids": [],
            "service_endpoints": [],
            "timeouts": null,
            "virtual_network_name": "vnet"
          },
          "sensitive_attributes": [],
          "private": "eyJlMmJmYjczMC1lY2FhLTExZTYtOGY4OC0zNDM2M2JjN2M0YzAiOnsiY3JlYXRlIjoxODAwMDAwMDAwMDAwLCJkZWxldGUiOjE4MDAwMDAwMDAwMDAsInJlYWQiOjMwMDAwMDAwMDAwMCwidXBkYXRlIjoxODAwMDAwMDAwMDAwfX0=",
          "dependencies": [
            "azurerm_resource_group.as04infra",
            "azurerm_virtual_network.vnet"
          ]
        }
      ]
    },
    {
      "mode": "managed",
      "type": "azurerm_virtual_network",
      "name": "vnet",
      "provider": "provider[\"registry.terraform.io/hashicorp/azurerm\"]",
      "instances": [
        {
          "schema_version": 0,
          "attributes": {
            "address_space": [
              "10.0.0.0/16"
            ],
            "bgp_community": "",
            "ddos_protection_plan": [],
            "dns_servers": [],
            "edge_zone": "",
            "flow_timeout_in_minutes": 0,
            "guid": "a6f7c387-7eb5-4bde-9315-1bf57df3b7e2",
            "id": "/subscriptions/3231ca8c-f392-4473-b23d-ef052e9eed0f/resourceGroups/as04infra/providers/Microsoft.Network/virtualNetworks/vnet",
            "location": "eastus",
            "name": "vnet",
            "resource_group_name": "as04infra",
            "subnet": [
              {
                "address_prefix": "10.0.1.0/24",
                "id": "/subscriptions/3231ca8c-f392-4473-b23d-ef052e9eed0f/resourceGroups/as04infra/providers/Microsoft.Network/virtualNetworks/vnet/subnets/subnet",
                "name": "subnet",
                "security_group": ""
              }
            ],
            "tags": {},
            "timeouts": null
          },
          "sensitive_attributes": [],
          "private": "eyJlMmJmYjczMC1lY2FhLTExZTYtOGY4OC0zNDM2M2JjN2M0YzAiOnsiY3JlYXRlIjoxODAwMDAwMDAwMDAwLCJkZWxldGUiOjE4MDAwMDAwMDAwMDAsInJlYWQiOjMwMDAwMDAwMDAwMCwidXBkYXRlIjoxODAwMDAwMDAwMDAwfX0=",
          "dependencies": [
            "azurerm_resource_group.as04infra"
          ]
        }
      ]
    },
    {
      "mode": "managed",
      "type": "local_file",
      "name": "create-inventory",
      "provider": "provider[\"registry.terraform.io/hashicorp/local\"]",
      "instances": [
        {
          "schema_version": 0,
          "attributes": {
            "content": "[web]\n10.0.1.4\n\n[web:vars]\nansible_user=adminuser\nansible_ssh_private_key_file=/home/adminuser/ansible/key.pem\nansible_python_interpreter=/usr/bin/python3\nansible_ssh_common_args='-o StrictHostKeyChecking=no'\n",
            "content_base64": null,
            "directory_permission": "0777",
            "file_permission": "0777",
            "filename": "./ansible/inventory",
            "id": "8abf375b65b8080d2d89e629fe1cd6057bf53088",
            "sensitive_content": null,
            "source": null
          },
          "sensitive_attributes": [],
          "private": "bnVsbA==",
          "dependencies": [
            "azurerm_linux_virtual_machine.vm",
            "azurerm_network_interface.as04-nic",
            "azurerm_public_ip.publicip",
            "azurerm_resource_group.as04infra",
            "azurerm_subnet.subnet",
            "azurerm_virtual_network.vnet",
            "local_file.private_key",
            "tls_private_key.private-key"
          ]
        }
      ]
    },
    {
      "mode": "managed",
      "type": "local_file",
      "name": "private_key",
      "provider": "provider[\"registry.terraform.io/hashicorp/local\"]",
      "instances": [
        {
          "schema_version": 0,
          "attributes": {
            "content": "-----BEGIN RSA PRIVATE KEY-----\nMIIJKwIBAAKCAgEAvqC9t2bNkxVd82kJXJQ9PzNRpnptDR5SUTuUaak/RV94S3h7\n4VXsruhpoEgU0lCc0kj4zaIhT6y2QQIZb/EdCVxRk/9B9Wkka4CXxgGNY9mfWMQL\nBCBbmJQwBsLqFy5d7VvlaTPnJ+C2VtWxzUD1SVKb0XgBHqMcKpC7KMDiDSItjWsP\n8F4eyvnSmpU313P9qX2UHSkGRNubo75lqWS2rgdGD0OOS8HnczTduvX04k6ge63e\nPVO54xmeq56pNWk+qqb25T6VGxlnuUNeCJ/7Edilso8BHI4t59AWFq/I5fNd1Epd\np1dyWeXER3wvsnzFv24XLnIXWSjiIgTIB1yJz+/azDJeRkeOcToE1ouPeN5uBelf\n50TysJ8862TvC8eABpWjiq4TsSMSwf1o6s02OXsgRuWkVgnjwANHErF7lt1DB6GN\nWVHGwdmkBEhutyUbxMWFnRZxkLPmt3HjCsNdk6iC+Tx/ukkNwf+UyuUyl1R7rtRS\nP+9H91opYxYm3JjwthejTSgeud/bPSG/9xkv74TVtxi49pDCLcD7IVl8eb04dKsI\nsAtOnpyn2s6JJh/n4BbGD0mvZcYr1aSxvS/BSqqKWCAdhOlSagr2+9nA7U5N3BgY\nlX9hjFKGE8tLwb6ESmkNm68mooESCCzY9GdNanVtPmpngsQyYdzjE0xOsXMCAwEA\nAQKCAgEApivm1T4XS/TfTjUsxPgwH6yzq2SjNUFOTqOaLzUrA2VCrr9bdcV6KcpN\ncTwEcoV0/tY/lLmVQifzQ935oJxVTHieYF2t+Kjr545UP3XQ886b2jwiwjkWv33G\nE87LUuPHWwa1h6yH/zoimLV1ZdAPQhhx3fo3N6bGAdDiZZcmNn6pqNJANa9GNnfp\n/3i+EeF5qMrgVz8QyOuK1AVAB5bUrAWJK/seyqlAAix+cODA1JnnyYh554nZy77k\nkwQeyoFw8D/Vj2argdD2mwe/q9MRgLATWQDR3juOhrnc12/qt5EbJNiipSJUe0sQ\ne6Qky/l6Q/JK4ODxu3YpEbCLUed39Til5oLxfDMFf2df0EOf78r+JEdRk/ymvq4B\nunEPkD0pKMXYky1W/62JvHeeaSkwszZMiKVCP/Tdt3iVmwZLbuQzm1u888RL5d9S\nDwi7hrtugSxkrtcFQF8XQg3kH/+MrP/YNFySovgWadmIJpy1+txoeoheV6c50Ivk\nTMa0fJTkNWL4+tKSRJVh5RATeUUf25mmhOc/RZXYFz/Fn61LCteaA7nDL82V5oza\npIjTRQMQEQZljDUtg/yJwt1ZpklWSzoK3yRCIsjPLtynHFR4TQ0f03+HHN83oPlI\nEpdV5DLAzm48++lAd73yINkcG57g3h71l3Ktz3BjxX8mkJqAFEkCggEBAPeBK+8O\ngruVuCL31UUAjpABAne7BDjuy797rHG6YyFqdxlZlricGB7BSDVDN0BWWrW4d8Io\n1VX/5QA39kWVuY03oarUDC59W1PfXE52n6UpJu0k/a6920Ev8xS0FH41JnvhDZgx\nId8pLwUibK0f8kQ8KzcFMGzQ+8ls7VrlS7tT4KgKQAbqkTV/dejsrWiqGql/sSQz\nG0f7uthsu1Hia/moOQHEqgXuOjxs80dlQQvVKk6eSKsAHGwVVqOlIVaq176e7BmW\nPwOCb6re3VU19dJnbSs3VdTX2dFGgx/5Dauvyjo3AhnZxid0Nv1VVqsgjgED0ygU\n3QVQSSOFah3Lyw8CggEBAMUryvIsLKch/xODpdm78sRXaK7cYRp1fhn3goVyKQ0S\nPYR3HiPD1ZlH+vKTIo2WbYi4Iyjvttsp7LzfFaDrqYWb9KT97UlJr786vqEX3FF6\nUIreZG0lZrIpzgrfwTqerzJDqhR9s92zSprB85VO4s1ZMzFtqjUnrEYb3RwwlxoF\n6fn2lNmy2hdXQ4XhNF2ob4c2SSVH4kdbK9WjPhg5L317/ZJ/ac6OZhffhRXVE+ZZ\nBJfXm0Q+gqImPII9vI9bluzzJ88wssCkVpQ1mbD2BaRunqSPtYRrZTO5rOA3NH+k\n8AkAqu7Tf989E2yIhQkOGBFBbrMHrIG3JVfaR+7PQ10CggEBAMN/XmqHdbAiBL5q\nMCU+2VzZz08vg5hM1tc7Iuz6Io8kf0qgvzK26T5xwU2A+EVzcFcVjFLq2ggCBqpz\nia1RJK1tAd/jenPGRLstNMYtYNCefsbWbyL1iBgnfcQesgk2hl1XWNucA3s4FpHh\nrSHamAxZ0nC1QpjRQfDKf3lKoNUo3c0du5E6+tPdCA+h0x9XLZQw7oT/cU8cgWuu\nBxAY3tzmiZDh/MKOd6V/EXKVghmMmMxcrl2Tyt98w2CjcH/6lktVUHytdryY7Qd0\n3jMOWkuFsm9uV/e1P7HUFoLMwIWaZwwwoxI0OBa17zGPlNO69S/MC6AfSq2Fyx+p\npDZA4PUCggEBAI2hW3KB0MFtZjC6TBQPMd9fek7A9u9unlpAtHzu+BXvmEji17+R\nGIm2bsh4cEWMXLnsqzTonEzp3Kf/ByZEoczbrewmiqAuUhPnOq+02Ame9uQJw9Gz\nIAWyidK9z6sv+WD9wdpeQSlrdJed4j7KH5iqDl/fCniMOu9RbI6nSKLkxKFNQrbu\nBkLl6BbvIhJ0v0g88mXZMO1YzC/1xtDXowlcW1U0OOiq2SMk6BA6ssSwBOCde2aW\nEHgxRx23Aw9nFw61y07FCGHgqmBj8DZxQrRO0Z4brKOmEVgKc+fLP+bAr7uHw0Ey\no5PT53P6zLUobplWixIG3R+AU067+RfNwfECggEBAL9j7lSjeTIlL/Q7uau7Ze35\njcfdfc24Tu7/IGmuX/yAZ9YAgMrez+IEwksL2/33dM2bAHPfJzXinTAUOv25mSD0\nvLSQebBKIPZBymddyXZGYV/7ZE6CTApUW/VneXB5kGqY0DxFi1uS+cgNdHA1Amp1\n1m+fKsuFqZ77U/zwj2NxHfcdAeCZrslPQv0WHz5BGiRsKCEanWatsAnNcBHd/UhX\n1Hhq8ZEVtCGMhtGgEbIF+R1Lc/VyvZuJCAHwiU+rEr2Bmd73k9DAAcH/zNqa4RkA\nDRvjAVhqQvg1kzKNU27hAX/zpRvVH0c75eR1lnnaSYU/ItoSHxzCHWcci9o4B1o=\n-----END RSA PRIVATE KEY-----\n",
            "content_base64": null,
            "directory_permission": "0777",
            "file_permission": "0600",
            "filename": "./ansible/key.pem",
            "id": "50a8b271547c75daab70e02a8230f5eb68d30034",
            "sensitive_content": null,
            "source": null
          },
          "sensitive_attributes": [
            [
              {
                "type": "get_attr",
                "value": "content"
              }
            ]
          ],
          "private": "bnVsbA==",
          "dependencies": [
            "tls_private_key.private-key"
          ]
        }
      ]
    },
    {
      "mode": "managed",
      "type": "null_resource",
      "name": "upload-ansible-files",
      "provider": "provider[\"registry.terraform.io/hashicorp/null\"]",
      "instances": [
        {
          "schema_version": 0,
          "attributes": {
            "id": "6971494479619464772",
            "triggers": null
          },
          "sensitive_attributes": [],
          "private": "bnVsbA==",
          "dependencies": [
            "azurerm_linux_virtual_machine.vm",
            "azurerm_network_interface.as04-nic",
            "azurerm_public_ip.publicip",
            "azurerm_public_ip.publicip-ansible",
            "azurerm_resource_group.as04infra",
            "azurerm_subnet.subnet",
            "azurerm_virtual_network.vnet",
            "data.azurerm_public_ip.data-publicip-ansible",
            "local_file.create-inventory",
            "local_file.private_key",
            "tls_private_key.private-key"
          ]
        }
      ]
    },
    {
      "mode": "managed",
      "type": "tls_private_key",
      "name": "private-key",
      "provider": "provider[\"registry.terraform.io/hashicorp/tls\"]",
      "instances": [
        {
          "schema_version": 1,
          "attributes": {
            "algorithm": "RSA",
            "ecdsa_curve": "P224",
            "id": "8a8e841ec8f62c8f1cd83f8e97411ba4baec0e2f",
            "private_key_openssh": "-----BEGIN OPENSSH PRIVATE KEY-----\nb3BlbnNzaC1rZXktdjEAAAAABG5vbmUAAAAEbm9uZQAAAAAAAAABAAACFwAAAAdz\nc2gtcnNhAAAAAwEAAQAAAgEAvqC9t2bNkxVd82kJXJQ9PzNRpnptDR5SUTuUaak/\nRV94S3h74VXsruhpoEgU0lCc0kj4zaIhT6y2QQIZb/EdCVxRk/9B9Wkka4CXxgGN\nY9mfWMQLBCBbmJQwBsLqFy5d7VvlaTPnJ+C2VtWxzUD1SVKb0XgBHqMcKpC7KMDi\nDSItjWsP8F4eyvnSmpU313P9qX2UHSkGRNubo75lqWS2rgdGD0OOS8HnczTduvX0\n4k6ge63ePVO54xmeq56pNWk+qqb25T6VGxlnuUNeCJ/7Edilso8BHI4t59AWFq/I\n5fNd1Epdp1dyWeXER3wvsnzFv24XLnIXWSjiIgTIB1yJz+/azDJeRkeOcToE1ouP\neN5uBelf50TysJ8862TvC8eABpWjiq4TsSMSwf1o6s02OXsgRuWkVgnjwANHErF7\nlt1DB6GNWVHGwdmkBEhutyUbxMWFnRZxkLPmt3HjCsNdk6iC+Tx/ukkNwf+UyuUy\nl1R7rtRSP+9H91opYxYm3JjwthejTSgeud/bPSG/9xkv74TVtxi49pDCLcD7IVl8\neb04dKsIsAtOnpyn2s6JJh/n4BbGD0mvZcYr1aSxvS/BSqqKWCAdhOlSagr2+9nA\n7U5N3BgYlX9hjFKGE8tLwb6ESmkNm68mooESCCzY9GdNanVtPmpngsQyYdzjE0xO\nsXMAAAc4XyBhVF8gYVQAAAAHc3NoLXJzYQAAAgEAvqC9t2bNkxVd82kJXJQ9PzNR\npnptDR5SUTuUaak/RV94S3h74VXsruhpoEgU0lCc0kj4zaIhT6y2QQIZb/EdCVxR\nk/9B9Wkka4CXxgGNY9mfWMQLBCBbmJQwBsLqFy5d7VvlaTPnJ+C2VtWxzUD1SVKb\n0XgBHqMcKpC7KMDiDSItjWsP8F4eyvnSmpU313P9qX2UHSkGRNubo75lqWS2rgdG\nD0OOS8HnczTduvX04k6ge63ePVO54xmeq56pNWk+qqb25T6VGxlnuUNeCJ/7Edil\nso8BHI4t59AWFq/I5fNd1Epdp1dyWeXER3wvsnzFv24XLnIXWSjiIgTIB1yJz+/a\nzDJeRkeOcToE1ouPeN5uBelf50TysJ8862TvC8eABpWjiq4TsSMSwf1o6s02OXsg\nRuWkVgnjwANHErF7lt1DB6GNWVHGwdmkBEhutyUbxMWFnRZxkLPmt3HjCsNdk6iC\n+Tx/ukkNwf+UyuUyl1R7rtRSP+9H91opYxYm3JjwthejTSgeud/bPSG/9xkv74TV\ntxi49pDCLcD7IVl8eb04dKsIsAtOnpyn2s6JJh/n4BbGD0mvZcYr1aSxvS/BSqqK\nWCAdhOlSagr2+9nA7U5N3BgYlX9hjFKGE8tLwb6ESmkNm68mooESCCzY9GdNanVt\nPmpngsQyYdzjE0xOsXMAAAADAQABAAACAQCmK+bVPhdL9N9ONSzE+DAfrLOrZKM1\nQU5Oo5ovNSsDZUKuv1t1xXopyk1xPARyhXT+1j+UuZVCJ/ND3fmgnFVMeJ5gXa34\nqOvnjlQ/ddDzzpvaPCLCORa/fcYTzstS48dbBrWHrIf/OiKYtXVl0A9CGHHd+jc3\npsYB0OJllyY2fqmo0kA1r0Y2d+n/eL4R4XmoyuBXPxDI64rUBUAHltSsBYkr+x7K\nqUACLH5w4MDUmefJiHnnidnLvuSTBB7KgXDwP9WPZquB0PabB7+r0xGAsBNZANHe\nO46GudzXb+q3kRsk2KKlIlR7SxB7pCTL+XpD8krg4PG7dikRsItR53f1OKXmgvF8\nMwV/Z1/QQ5/vyv4kR1GT/Ka+rgG6cQ+QPSkoxdiTLVb/rYm8d55pKTCzNkyIpUI/\n9N23eJWbBktu5DObW7zzxEvl31IPCLuGu26BLGSu1wVAXxdCDeQf/4ys/9g0XJKi\n+BZp2YgmnLX63Gh6iF5XpznQi+RMxrR8lOQ1Yvj60pJElWHlEBN5RR/bmaaE5z9F\nldgXP8WfrUsK15oDucMvzZXmjNqkiNNFAxARBmWMNS2D/InC3VmmSVZLOgrfJEIi\nyM8u3KccVHhNDR/Tf4cc3zeg+UgSl1XkMsDObjz76UB3vfIg2RwbnuDeHvWXcq3P\ncGPFfyaQmoAUSQAAAQEAv2PuVKN5MiUv9Du5q7tl7fmNx919zbhO7v8gaa5f/IBn\n1gCAyt7P4gTCSwvb/fd0zZsAc98nNeKdMBQ6/bmZIPS8tJB5sEog9kHKZ13JdkZh\nX/tkToJMClRb9Wd5cHmQapjQPEWLW5L5yA10cDUCanXWb58qy4WpnvtT/PCPY3Ed\n9x0B4JmuyU9C/RYfPkEaJGwoIRqdZq2wCc1wEd39SFfUeGrxkRW0IYyG0aARsgX5\nHUtz9XK9m4kIAfCJT6sSvYGZ3veT0MABwf/M2prhGQANG+MBWGpC+DWTMo1TbuEB\nf/OlG9UfRzvl5HWWedpJhT8i2hIfHMIdZxyL2jgHWgAAAQEA94Er7w6Cu5W4IvfV\nRQCOkAECd7sEOO7Lv3uscbpjIWp3GVmWuJwYHsFINUM3QFZatbh3wijVVf/lADf2\nRZW5jTehqtQMLn1bU99cTnafpSkm7ST9rr3bQS/zFLQUfjUme+ENmDEh3ykvBSJs\nrR/yRDwrNwUwbND7yWztWuVLu1PgqApABuqRNX916OytaKoaqX+xJDMbR/u62Gy7\nUeJr+ag5AcSqBe46PGzzR2VBC9UqTp5IqwAcbBVWo6UhVqrXvp7sGZY/A4Jvqt7d\nVTX10mdtKzdV1NfZ0UaDH/kNq6/KOjcCGdnGJ3Q2/VVWqyCOAQPTKBTdBVBJI4Vq\nHcvLDwAAAQEAxSvK8iwspyH/E4Ol2bvyxFdortxhGnV+GfeChXIpDRI9hHceI8PV\nmUf68pMijZZtiLgjKO+22ynsvN8VoOuphZv0pP3tSUmvvzq+oRfcUXpQit5kbSVm\nsinOCt/BOp6vMkOqFH2z3bNKmsHzlU7izVkzMW2qNSesRhvdHDCXGgXp+faU2bLa\nF1dDheE0XahvhzZJJUfiR1sr1aM+GDkvfXv9kn9pzo5mF9+FFdUT5lkEl9ebRD6C\noiY8gj28j1uW7PMnzzCywKRWlDWZsPYFpG6epI+1hGtlM7ms4Dc0f6TwCQCq7tN/\n3z0TbIiFCQ4YEUFuswesgbclV9pH7s9DXQAAAAAB\n-----END OPENSSH PRIVATE KEY-----\n",
            "private_key_pem": "-----BEGIN RSA PRIVATE KEY-----\nMIIJKwIBAAKCAgEAvqC9t2bNkxVd82kJXJQ9PzNRpnptDR5SUTuUaak/RV94S3h7\n4VXsruhpoEgU0lCc0kj4zaIhT6y2QQIZb/EdCVxRk/9B9Wkka4CXxgGNY9mfWMQL\nBCBbmJQwBsLqFy5d7VvlaTPnJ+C2VtWxzUD1SVKb0XgBHqMcKpC7KMDiDSItjWsP\n8F4eyvnSmpU313P9qX2UHSkGRNubo75lqWS2rgdGD0OOS8HnczTduvX04k6ge63e\nPVO54xmeq56pNWk+qqb25T6VGxlnuUNeCJ/7Edilso8BHI4t59AWFq/I5fNd1Epd\np1dyWeXER3wvsnzFv24XLnIXWSjiIgTIB1yJz+/azDJeRkeOcToE1ouPeN5uBelf\n50TysJ8862TvC8eABpWjiq4TsSMSwf1o6s02OXsgRuWkVgnjwANHErF7lt1DB6GN\nWVHGwdmkBEhutyUbxMWFnRZxkLPmt3HjCsNdk6iC+Tx/ukkNwf+UyuUyl1R7rtRS\nP+9H91opYxYm3JjwthejTSgeud/bPSG/9xkv74TVtxi49pDCLcD7IVl8eb04dKsI\nsAtOnpyn2s6JJh/n4BbGD0mvZcYr1aSxvS/BSqqKWCAdhOlSagr2+9nA7U5N3BgY\nlX9hjFKGE8tLwb6ESmkNm68mooESCCzY9GdNanVtPmpngsQyYdzjE0xOsXMCAwEA\nAQKCAgEApivm1T4XS/TfTjUsxPgwH6yzq2SjNUFOTqOaLzUrA2VCrr9bdcV6KcpN\ncTwEcoV0/tY/lLmVQifzQ935oJxVTHieYF2t+Kjr545UP3XQ886b2jwiwjkWv33G\nE87LUuPHWwa1h6yH/zoimLV1ZdAPQhhx3fo3N6bGAdDiZZcmNn6pqNJANa9GNnfp\n/3i+EeF5qMrgVz8QyOuK1AVAB5bUrAWJK/seyqlAAix+cODA1JnnyYh554nZy77k\nkwQeyoFw8D/Vj2argdD2mwe/q9MRgLATWQDR3juOhrnc12/qt5EbJNiipSJUe0sQ\ne6Qky/l6Q/JK4ODxu3YpEbCLUed39Til5oLxfDMFf2df0EOf78r+JEdRk/ymvq4B\nunEPkD0pKMXYky1W/62JvHeeaSkwszZMiKVCP/Tdt3iVmwZLbuQzm1u888RL5d9S\nDwi7hrtugSxkrtcFQF8XQg3kH/+MrP/YNFySovgWadmIJpy1+txoeoheV6c50Ivk\nTMa0fJTkNWL4+tKSRJVh5RATeUUf25mmhOc/RZXYFz/Fn61LCteaA7nDL82V5oza\npIjTRQMQEQZljDUtg/yJwt1ZpklWSzoK3yRCIsjPLtynHFR4TQ0f03+HHN83oPlI\nEpdV5DLAzm48++lAd73yINkcG57g3h71l3Ktz3BjxX8mkJqAFEkCggEBAPeBK+8O\ngruVuCL31UUAjpABAne7BDjuy797rHG6YyFqdxlZlricGB7BSDVDN0BWWrW4d8Io\n1VX/5QA39kWVuY03oarUDC59W1PfXE52n6UpJu0k/a6920Ev8xS0FH41JnvhDZgx\nId8pLwUibK0f8kQ8KzcFMGzQ+8ls7VrlS7tT4KgKQAbqkTV/dejsrWiqGql/sSQz\nG0f7uthsu1Hia/moOQHEqgXuOjxs80dlQQvVKk6eSKsAHGwVVqOlIVaq176e7BmW\nPwOCb6re3VU19dJnbSs3VdTX2dFGgx/5Dauvyjo3AhnZxid0Nv1VVqsgjgED0ygU\n3QVQSSOFah3Lyw8CggEBAMUryvIsLKch/xODpdm78sRXaK7cYRp1fhn3goVyKQ0S\nPYR3HiPD1ZlH+vKTIo2WbYi4Iyjvttsp7LzfFaDrqYWb9KT97UlJr786vqEX3FF6\nUIreZG0lZrIpzgrfwTqerzJDqhR9s92zSprB85VO4s1ZMzFtqjUnrEYb3RwwlxoF\n6fn2lNmy2hdXQ4XhNF2ob4c2SSVH4kdbK9WjPhg5L317/ZJ/ac6OZhffhRXVE+ZZ\nBJfXm0Q+gqImPII9vI9bluzzJ88wssCkVpQ1mbD2BaRunqSPtYRrZTO5rOA3NH+k\n8AkAqu7Tf989E2yIhQkOGBFBbrMHrIG3JVfaR+7PQ10CggEBAMN/XmqHdbAiBL5q\nMCU+2VzZz08vg5hM1tc7Iuz6Io8kf0qgvzK26T5xwU2A+EVzcFcVjFLq2ggCBqpz\nia1RJK1tAd/jenPGRLstNMYtYNCefsbWbyL1iBgnfcQesgk2hl1XWNucA3s4FpHh\nrSHamAxZ0nC1QpjRQfDKf3lKoNUo3c0du5E6+tPdCA+h0x9XLZQw7oT/cU8cgWuu\nBxAY3tzmiZDh/MKOd6V/EXKVghmMmMxcrl2Tyt98w2CjcH/6lktVUHytdryY7Qd0\n3jMOWkuFsm9uV/e1P7HUFoLMwIWaZwwwoxI0OBa17zGPlNO69S/MC6AfSq2Fyx+p\npDZA4PUCggEBAI2hW3KB0MFtZjC6TBQPMd9fek7A9u9unlpAtHzu+BXvmEji17+R\nGIm2bsh4cEWMXLnsqzTonEzp3Kf/ByZEoczbrewmiqAuUhPnOq+02Ame9uQJw9Gz\nIAWyidK9z6sv+WD9wdpeQSlrdJed4j7KH5iqDl/fCniMOu9RbI6nSKLkxKFNQrbu\nBkLl6BbvIhJ0v0g88mXZMO1YzC/1xtDXowlcW1U0OOiq2SMk6BA6ssSwBOCde2aW\nEHgxRx23Aw9nFw61y07FCGHgqmBj8DZxQrRO0Z4brKOmEVgKc+fLP+bAr7uHw0Ey\no5PT53P6zLUobplWixIG3R+AU067+RfNwfECggEBAL9j7lSjeTIlL/Q7uau7Ze35\njcfdfc24Tu7/IGmuX/yAZ9YAgMrez+IEwksL2/33dM2bAHPfJzXinTAUOv25mSD0\nvLSQebBKIPZBymddyXZGYV/7ZE6CTApUW/VneXB5kGqY0DxFi1uS+cgNdHA1Amp1\n1m+fKsuFqZ77U/zwj2NxHfcdAeCZrslPQv0WHz5BGiRsKCEanWatsAnNcBHd/UhX\n1Hhq8ZEVtCGMhtGgEbIF+R1Lc/VyvZuJCAHwiU+rEr2Bmd73k9DAAcH/zNqa4RkA\nDRvjAVhqQvg1kzKNU27hAX/zpRvVH0c75eR1lnnaSYU/ItoSHxzCHWcci9o4B1o=\n-----END RSA PRIVATE KEY-----\n",
            "private_key_pem_pkcs8": "-----BEGIN PRIVATE KEY-----\nMIIJRQIBADANBgkqhkiG9w0BAQEFAASCCS8wggkrAgEAAoICAQC+oL23Zs2TFV3z\naQlclD0/M1Gmem0NHlJRO5RpqT9FX3hLeHvhVeyu6GmgSBTSUJzSSPjNoiFPrLZB\nAhlv8R0JXFGT/0H1aSRrgJfGAY1j2Z9YxAsEIFuYlDAGwuoXLl3tW+VpM+cn4LZW\n1bHNQPVJUpvReAEeoxwqkLsowOINIi2Naw/wXh7K+dKalTfXc/2pfZQdKQZE25uj\nvmWpZLauB0YPQ45LwedzNN269fTiTqB7rd49U7njGZ6rnqk1aT6qpvblPpUbGWe5\nQ14In/sR2KWyjwEcji3n0BYWr8jl813USl2nV3JZ5cRHfC+yfMW/bhcuchdZKOIi\nBMgHXInP79rMMl5GR45xOgTWi4943m4F6V/nRPKwnzzrZO8Lx4AGlaOKrhOxIxLB\n/WjqzTY5eyBG5aRWCePAA0cSsXuW3UMHoY1ZUcbB2aQESG63JRvExYWdFnGQs+a3\nceMKw12TqIL5PH+6SQ3B/5TK5TKXVHuu1FI/70f3WiljFibcmPC2F6NNKB6539s9\nIb/3GS/vhNW3GLj2kMItwPshWXx5vTh0qwiwC06enKfazokmH+fgFsYPSa9lxivV\npLG9L8FKqopYIB2E6VJqCvb72cDtTk3cGBiVf2GMUoYTy0vBvoRKaQ2bryaigRII\nLNj0Z01qdW0+ameCxDJh3OMTTE6xcwIDAQABAoICAQCmK+bVPhdL9N9ONSzE+DAf\nrLOrZKM1QU5Oo5ovNSsDZUKuv1t1xXopyk1xPARyhXT+1j+UuZVCJ/ND3fmgnFVM\neJ5gXa34qOvnjlQ/ddDzzpvaPCLCORa/fcYTzstS48dbBrWHrIf/OiKYtXVl0A9C\nGHHd+jc3psYB0OJllyY2fqmo0kA1r0Y2d+n/eL4R4XmoyuBXPxDI64rUBUAHltSs\nBYkr+x7KqUACLH5w4MDUmefJiHnnidnLvuSTBB7KgXDwP9WPZquB0PabB7+r0xGA\nsBNZANHeO46GudzXb+q3kRsk2KKlIlR7SxB7pCTL+XpD8krg4PG7dikRsItR53f1\nOKXmgvF8MwV/Z1/QQ5/vyv4kR1GT/Ka+rgG6cQ+QPSkoxdiTLVb/rYm8d55pKTCz\nNkyIpUI/9N23eJWbBktu5DObW7zzxEvl31IPCLuGu26BLGSu1wVAXxdCDeQf/4ys\n/9g0XJKi+BZp2YgmnLX63Gh6iF5XpznQi+RMxrR8lOQ1Yvj60pJElWHlEBN5RR/b\nmaaE5z9FldgXP8WfrUsK15oDucMvzZXmjNqkiNNFAxARBmWMNS2D/InC3VmmSVZL\nOgrfJEIiyM8u3KccVHhNDR/Tf4cc3zeg+UgSl1XkMsDObjz76UB3vfIg2RwbnuDe\nHvWXcq3PcGPFfyaQmoAUSQKCAQEA94Er7w6Cu5W4IvfVRQCOkAECd7sEOO7Lv3us\ncbpjIWp3GVmWuJwYHsFINUM3QFZatbh3wijVVf/lADf2RZW5jTehqtQMLn1bU99c\nTnafpSkm7ST9rr3bQS/zFLQUfjUme+ENmDEh3ykvBSJsrR/yRDwrNwUwbND7yWzt\nWuVLu1PgqApABuqRNX916OytaKoaqX+xJDMbR/u62Gy7UeJr+ag5AcSqBe46PGzz\nR2VBC9UqTp5IqwAcbBVWo6UhVqrXvp7sGZY/A4Jvqt7dVTX10mdtKzdV1NfZ0UaD\nH/kNq6/KOjcCGdnGJ3Q2/VVWqyCOAQPTKBTdBVBJI4VqHcvLDwKCAQEAxSvK8iws\npyH/E4Ol2bvyxFdortxhGnV+GfeChXIpDRI9hHceI8PVmUf68pMijZZtiLgjKO+2\n2ynsvN8VoOuphZv0pP3tSUmvvzq+oRfcUXpQit5kbSVmsinOCt/BOp6vMkOqFH2z\n3bNKmsHzlU7izVkzMW2qNSesRhvdHDCXGgXp+faU2bLaF1dDheE0XahvhzZJJUfi\nR1sr1aM+GDkvfXv9kn9pzo5mF9+FFdUT5lkEl9ebRD6CoiY8gj28j1uW7PMnzzCy\nwKRWlDWZsPYFpG6epI+1hGtlM7ms4Dc0f6TwCQCq7tN/3z0TbIiFCQ4YEUFuswes\ngbclV9pH7s9DXQKCAQEAw39eaod1sCIEvmowJT7ZXNnPTy+DmEzW1zsi7PoijyR/\nSqC/MrbpPnHBTYD4RXNwVxWMUuraCAIGqnOJrVEkrW0B3+N6c8ZEuy00xi1g0J5+\nxtZvIvWIGCd9xB6yCTaGXVdY25wDezgWkeGtIdqYDFnScLVCmNFB8Mp/eUqg1Sjd\nzR27kTr6090ID6HTH1ctlDDuhP9xTxyBa64HEBje3OaJkOH8wo53pX8RcpWCGYyY\nzFyuXZPK33zDYKNwf/qWS1VQfK12vJjtB3TeMw5aS4Wyb25X97U/sdQWgszAhZpn\nDDCjEjQ4FrXvMY+U07r1L8wLoB9KrYXLH6mkNkDg9QKCAQEAjaFbcoHQwW1mMLpM\nFA8x3196TsD2726eWkC0fO74Fe+YSOLXv5EYibZuyHhwRYxcueyrNOicTOncp/8H\nJkShzNut7CaKoC5SE+c6r7TYCZ725AnD0bMgBbKJ0r3Pqy/5YP3B2l5BKWt0l53i\nPsofmKoOX98KeIw671FsjqdIouTEoU1Ctu4GQuXoFu8iEnS/SDzyZdkw7VjML/XG\n0NejCVxbVTQ46KrZIyToEDqyxLAE4J17ZpYQeDFHHbcDD2cXDrXLTsUIYeCqYGPw\nNnFCtE7Rnhuso6YRWApz58s/5sCvu4fDQTKjk9Pnc/rMtShumVaLEgbdH4BTTrv5\nF83B8QKCAQEAv2PuVKN5MiUv9Du5q7tl7fmNx919zbhO7v8gaa5f/IBn1gCAyt7P\n4gTCSwvb/fd0zZsAc98nNeKdMBQ6/bmZIPS8tJB5sEog9kHKZ13JdkZhX/tkToJM\nClRb9Wd5cHmQapjQPEWLW5L5yA10cDUCanXWb58qy4WpnvtT/PCPY3Ed9x0B4Jmu\nyU9C/RYfPkEaJGwoIRqdZq2wCc1wEd39SFfUeGrxkRW0IYyG0aARsgX5HUtz9XK9\nm4kIAfCJT6sSvYGZ3veT0MABwf/M2prhGQANG+MBWGpC+DWTMo1TbuEBf/OlG9Uf\nRzvl5HWWedpJhT8i2hIfHMIdZxyL2jgHWg==\n-----END PRIVATE KEY-----\n",
            "public_key_fingerprint_md5": "8f:a0:79:c9:43:08:d3:c8:01:f4:35:3a:c8:9f:02:44",
            "public_key_fingerprint_sha256": "SHA256:vS5S93wTnJhgyKyqWv40zzef2dy6q1BIlAR1KfOfLcs",
            "public_key_openssh": "ssh-rsa AAAAB3NzaC1yc2EAAAADAQABAAACAQC+oL23Zs2TFV3zaQlclD0/M1Gmem0NHlJRO5RpqT9FX3hLeHvhVeyu6GmgSBTSUJzSSPjNoiFPrLZBAhlv8R0JXFGT/0H1aSRrgJfGAY1j2Z9YxAsEIFuYlDAGwuoXLl3tW+VpM+cn4LZW1bHNQPVJUpvReAEeoxwqkLsowOINIi2Naw/wXh7K+dKalTfXc/2pfZQdKQZE25ujvmWpZLauB0YPQ45LwedzNN269fTiTqB7rd49U7njGZ6rnqk1aT6qpvblPpUbGWe5Q14In/sR2KWyjwEcji3n0BYWr8jl813USl2nV3JZ5cRHfC+yfMW/bhcuchdZKOIiBMgHXInP79rMMl5GR45xOgTWi4943m4F6V/nRPKwnzzrZO8Lx4AGlaOKrhOxIxLB/WjqzTY5eyBG5aRWCePAA0cSsXuW3UMHoY1ZUcbB2aQESG63JRvExYWdFnGQs+a3ceMKw12TqIL5PH+6SQ3B/5TK5TKXVHuu1FI/70f3WiljFibcmPC2F6NNKB6539s9Ib/3GS/vhNW3GLj2kMItwPshWXx5vTh0qwiwC06enKfazokmH+fgFsYPSa9lxivVpLG9L8FKqopYIB2E6VJqCvb72cDtTk3cGBiVf2GMUoYTy0vBvoRKaQ2bryaigRIILNj0Z01qdW0+ameCxDJh3OMTTE6xcw==\n",
            "public_key_pem": "-----BEGIN PUBLIC KEY-----\nMIICIjANBgkqhkiG9w0BAQEFAAOCAg8AMIICCgKCAgEAvqC9t2bNkxVd82kJXJQ9\nPzNRpnptDR5SUTuUaak/RV94S3h74VXsruhpoEgU0lCc0kj4zaIhT6y2QQIZb/Ed\nCVxRk/9B9Wkka4CXxgGNY9mfWMQLBCBbmJQwBsLqFy5d7VvlaTPnJ+C2VtWxzUD1\nSVKb0XgBHqMcKpC7KMDiDSItjWsP8F4eyvnSmpU313P9qX2UHSkGRNubo75lqWS2\nrgdGD0OOS8HnczTduvX04k6ge63ePVO54xmeq56pNWk+qqb25T6VGxlnuUNeCJ/7\nEdilso8BHI4t59AWFq/I5fNd1Epdp1dyWeXER3wvsnzFv24XLnIXWSjiIgTIB1yJ\nz+/azDJeRkeOcToE1ouPeN5uBelf50TysJ8862TvC8eABpWjiq4TsSMSwf1o6s02\nOXsgRuWkVgnjwANHErF7lt1DB6GNWVHGwdmkBEhutyUbxMWFnRZxkLPmt3HjCsNd\nk6iC+Tx/ukkNwf+UyuUyl1R7rtRSP+9H91opYxYm3JjwthejTSgeud/bPSG/9xkv\n74TVtxi49pDCLcD7IVl8eb04dKsIsAtOnpyn2s6JJh/n4BbGD0mvZcYr1aSxvS/B\nSqqKWCAdhOlSagr2+9nA7U5N3BgYlX9hjFKGE8tLwb6ESmkNm68mooESCCzY9GdN\nanVtPmpngsQyYdzjE0xOsXMCAwEAAQ==\n-----END PUBLIC KEY-----\n",
            "rsa_bits": 4096
          },
          "sensitive_attributes": []
        }
      ]
    }
  ]
}
